
Microsoft Visual Studio Solution File, Format Version 12.00
# Visual Studio Version 16
VisualStudioVersion = 16.0.30503.244
MinimumVisualStudioVersion = 10.0.40219.1
Project("{FAE04EC0-301F-11D3-BF4B-00C04F79EFBC}") = "AdventureGame", "AdventureGame\AdventureGame.csproj", "{9C8227F7-15FE-4ED3-880B-31BA8856C3E8}"
EndProject
Global
	GlobalSection(SolutionConfigurationPlatforms) = preSolution
		Debug|Any CPU = Debug|Any CPU
		Release|Any CPU = Release|Any CPU
	EndGlobalSection
	GlobalSection(ProjectConfigurationPlatforms) = postSolution
		{9C8227F7-15FE-4ED3-880B-31BA8856C3E8}.Debug|Any CPU.ActiveCfg = Debug|Any CPU
		{9C8227F7-15FE-4ED3-880B-31BA8856C3E8}.Debug|Any CPU.Build.0 = Debug|Any CPU
		{9C8227F7-15FE-4ED3-880B-31BA8856C3E8}.Release|Any CPU.ActiveCfg = Release|Any CPU
		{9C8227F7-15FE-4ED3-880B-31BA8856C3E8}.Release|Any CPU.Build.0 = Release|Any CPU
	EndGlobalSection
	GlobalSection(SolutionProperties) = preSolution
		HideSolutionNode = FALSE
	EndGlobalSection
	GlobalSection(ExtensibilityGlobals) = postSolution
		SolutionGuid = {9295BBB3-9AF9-471D-A3B9-5E7A87385D42}
	EndGlobalSection
EndGlobal
